<?xml version="1.0" encoding="utf-8"?>
<Project ToolsVersion="4.0" xmlns="http://schemas.microsoft.com/developer/msbuild/2003">
  <ItemGroup>
    <Filter Include="Source Files">
      <UniqueIdentifier>{a2513dea-e394-4b09-8966-155b40cd2a98}</UniqueIdentifier>
    </Filter>
    <Filter Include="Generated Files">
      <UniqueIdentifier>{815f299e-4fb1-4d13-91e4-4a619dea6e68}</UniqueIdentifier>
      <SourceControlFiles>False</SourceControlFiles>
    </Filter>
  </ItemGroup>
  <ItemGroup>
    <None Include="TestDllps.def" />
  </ItemGroup>
  <ItemGroup>
    <ClCompile Include="TestDll_i.c">
      <Filter>Generated Files</Filter>
    </ClCompile>
    <ClCompile Include="TestDll_p.c">
      <Filter>Generated Files</Filter>
    </ClCompile>
    <ClCompile Include="dlldata.c">
      <Filter>Generated Files</Filter>
    </ClCompile>
  </ItemGroup>
</Project>